
Microsoft Visual Studio Solution File, Format Version 12.00
# Visual Studio Version 17
VisualStudioVersion = 17.4.33403.182
MinimumVisualStudioVersion = 10.0.40219.1
Project("{9A19103F-16F7-4668-BE54-9A1E7A4F7556}") = "RPSGame", "RPSGame\RPSGame.csproj", "{9649625A-9A9F-4A32-A13D-29184D87B1CE}"
EndProject
Project("{FAE04EC0-301F-11D3-BF4B-00C04F79EFBC}") = "RPSGameTests", "RPSGameTests\RPSGameTests.csproj", "{10C30096-43A2-4333-8228-025A3BCAEEF3}"
EndProject
Global
	GlobalSection(SolutionConfigurationPlatforms) = preSolution
		Debug|Any CPU = Debug|Any CPU
		Release|Any CPU = Release|Any CPU
	EndGlobalSection
	GlobalSection(ProjectConfigurationPlatforms) = postSolution
		{9649625A-9A9F-4A32-A13D-29184D87B1CE}.Debug|Any CPU.ActiveCfg = Debug|Any CPU
		{9649625A-9A9F-4A32-A13D-29184D87B1CE}.Debug|Any CPU.Build.0 = Debug|Any CPU
		{9649625A-9A9F-4A32-A13D-29184D87B1CE}.Release|Any CPU.ActiveCfg = Release|Any CPU
		{9649625A-9A9F-4A32-A13D-29184D87B1CE}.Release|Any CPU.Build.0 = Release|Any CPU
		{10C30096-43A2-4333-8228-025A3BCAEEF3}.Debug|Any CPU.ActiveCfg = Debug|Any CPU
		{10C30096-43A2-4333-8228-025A3BCAEEF3}.Debug|Any CPU.Build.0 = Debug|Any CPU
		{10C30096-43A2-4333-8228-025A3BCAEEF3}.Release|Any CPU.ActiveCfg = Release|Any CPU
		{10C30096-43A2-4333-8228-025A3BCAEEF3}.Release|Any CPU.Build.0 = Release|Any CPU
	EndGlobalSection
	GlobalSection(SolutionProperties) = preSolution
		HideSolutionNode = FALSE
	EndGlobalSection
	GlobalSection(ExtensibilityGlobals) = postSolution
		SolutionGuid = {F8045F73-A8C5-4249-A97A-C28D059C0BB9}
	EndGlobalSection
EndGlobal
